
Microsoft Visual Studio Solution File, Format Version 12.00
# Visual Studio Version 17
VisualStudioVersion = 17.12.35707.178 d17.12
MinimumVisualStudioVersion = 10.0.40219.1
Project("{FAE04EC0-301F-11D3-BF4B-00C04F79EFBC}") = "PortManagement.API", "PortManagement.API\PortManagement.API.csproj", "{11446729-9B8D-49AA-8F3B-67A5E3378153}"
EndProject
Project("{FAE04EC0-301F-11D3-BF4B-00C04F79EFBC}") = "PortManagement.Application", "PortManagement.Application\PortManagement.Application.csproj", "{76B4BC1C-5FF2-484C-9640-4BEF43F6D67C}"
EndProject
Project("{FAE04EC0-301F-11D3-BF4B-00C04F79EFBC}") = "PortManagement.Domain", "PortManagement.Domain\PortManagement.Domain.csproj", "{58230E99-94BB-47CD-8F34-C396AB77CD88}"
EndProject
Project("{FAE04EC0-301F-11D3-BF4B-00C04F79EFBC}") = "PortManagement.Infrastructure", "PortManagement.Infrastructure\PortManagement.Infrastructure.csproj", "{92BF1FC2-E7BF-436A-8225-B8B27C44FD4C}"
EndProject
Global
	GlobalSection(SolutionConfigurationPlatforms) = preSolution
		Debug|Any CPU = Debug|Any CPU
		Release|Any CPU = Release|Any CPU
	EndGlobalSection
	GlobalSection(ProjectConfigurationPlatforms) = postSolution
		{11446729-9B8D-49AA-8F3B-67A5E3378153}.Debug|Any CPU.ActiveCfg = Debug|Any CPU
		{11446729-9B8D-49AA-8F3B-67A5E3378153}.Debug|Any CPU.Build.0 = Debug|Any CPU
		{11446729-9B8D-49AA-8F3B-67A5E3378153}.Release|Any CPU.ActiveCfg = Release|Any CPU
		{11446729-9B8D-49AA-8F3B-67A5E3378153}.Release|Any CPU.Build.0 = Release|Any CPU
		{76B4BC1C-5FF2-484C-9640-4BEF43F6D67C}.Debug|Any CPU.ActiveCfg = Debug|Any CPU
		{76B4BC1C-5FF2-484C-9640-4BEF43F6D67C}.Debug|Any CPU.Build.0 = Debug|Any CPU
		{76B4BC1C-5FF2-484C-9640-4BEF43F6D67C}.Release|Any CPU.ActiveCfg = Release|Any CPU
		{76B4BC1C-5FF2-484C-9640-4BEF43F6D67C}.Release|Any CPU.Build.0 = Release|Any CPU
		{58230E99-94BB-47CD-8F34-C396AB77CD88}.Debug|Any CPU.ActiveCfg = Debug|Any CPU
		{58230E99-94BB-47CD-8F34-C396AB77CD88}.Debug|Any CPU.Build.0 = Debug|Any CPU
		{58230E99-94BB-47CD-8F34-C396AB77CD88}.Release|Any CPU.ActiveCfg = Release|Any CPU
		{58230E99-94BB-47CD-8F34-C396AB77CD88}.Release|Any CPU.Build.0 = Release|Any CPU
		{92BF1FC2-E7BF-436A-8225-B8B27C44FD4C}.Debug|Any CPU.ActiveCfg = Debug|Any CPU
		{92BF1FC2-E7BF-436A-8225-B8B27C44FD4C}.Debug|Any CPU.Build.0 = Debug|Any CPU
		{92BF1FC2-E7BF-436A-8225-B8B27C44FD4C}.Release|Any CPU.ActiveCfg = Release|Any CPU
		{92BF1FC2-E7BF-436A-8225-B8B27C44FD4C}.Release|Any CPU.Build.0 = Release|Any CPU
	EndGlobalSection
	GlobalSection(SolutionProperties) = preSolution
		HideSolutionNode = FALSE
	EndGlobalSection
EndGlobal
